
Microsoft Visual Studio Solution File, Format Version 12.00
# Visual Studio Version 17
VisualStudioVersion = 17.10.34916.146
MinimumVisualStudioVersion = 10.0.40219.1
Project("{FAE04EC0-301F-11D3-BF4B-00C04F79EFBC}") = "P_inventario", "P_inventario\P_inventario.csproj", "{2A14DA4F-CBDB-4566-B62A-CE4DFF1AC6CD}"
EndProject
Global
	GlobalSection(SolutionConfigurationPlatforms) = preSolution
		Debug|Any CPU = Debug|Any CPU
		Release|Any CPU = Release|Any CPU
	EndGlobalSection
	GlobalSection(ProjectConfigurationPlatforms) = postSolution
		{2A14DA4F-CBDB-4566-B62A-CE4DFF1AC6CD}.Debug|Any CPU.ActiveCfg = Debug|Any CPU
		{2A14DA4F-CBDB-4566-B62A-CE4DFF1AC6CD}.Debug|Any CPU.Build.0 = Debug|Any CPU
		{2A14DA4F-CBDB-4566-B62A-CE4DFF1AC6CD}.Release|Any CPU.ActiveCfg = Release|Any CPU
		{2A14DA4F-CBDB-4566-B62A-CE4DFF1AC6CD}.Release|Any CPU.Build.0 = Release|Any CPU
	EndGlobalSection
	GlobalSection(SolutionProperties) = preSolution
		HideSolutionNode = FALSE
	EndGlobalSection
	GlobalSection(ExtensibilityGlobals) = postSolution
		SolutionGuid = {027AC04B-08D0-4A1B-9228-D8C9747EAC8D}
	EndGlobalSection
EndGlobal
